
Microsoft Visual Studio Solution File, Format Version 12.00
# Visual Studio 15
VisualStudioVersion = 15.0.26730.8
MinimumVisualStudioVersion = 10.0.40219.1
Project("{FAE04EC0-301F-11D3-BF4B-00C04F79EFBC}") = "SecurityAngular", "SecurityAngular\SecurityAngular.csproj", "{5CED3145-B310-4840-8B12-83C64A8BB66F}"
EndProject
Global
	GlobalSection(SolutionConfigurationPlatforms) = preSolution
		Debug|Any CPU = Debug|Any CPU
		Release|Any CPU = Release|Any CPU
	EndGlobalSection
	GlobalSection(ProjectConfigurationPlatforms) = postSolution
		{5CED3145-B310-4840-8B12-83C64A8BB66F}.Debug|Any CPU.ActiveCfg = Debug|Any CPU
		{5CED3145-B310-4840-8B12-83C64A8BB66F}.Debug|Any CPU.Build.0 = Debug|Any CPU
		{5CED3145-B310-4840-8B12-83C64A8BB66F}.Release|Any CPU.ActiveCfg = Release|Any CPU
		{5CED3145-B310-4840-8B12-83C64A8BB66F}.Release|Any CPU.Build.0 = Release|Any CPU
	EndGlobalSection
	GlobalSection(SolutionProperties) = preSolution
		HideSolutionNode = FALSE
	EndGlobalSection
	GlobalSection(ExtensibilityGlobals) = postSolution
		SolutionGuid = {8B281C8D-2556-42CB-B1D7-EA666AB64230}
	EndGlobalSection
EndGlobal
